{
  "nodes": {
    "catppuccin": {
      "inputs": {
        "nixpkgs": "nixpkgs"
      },
      "locked": {
        "lastModified": 1754321514,
        "narHash": "sha256-UQaxAoIOkQ0L1jQzQ7L+BCUK53Athaxcfn7UgvIWoPQ=",
        "owner": "catppuccin",
        "repo": "nix",
        "rev": "03d6eb3f85cfe4f643d2cdaa22d2838f3eb240f2",
        "type": "github"
      },
      "original": {
        "owner": "catppuccin",
        "repo": "nix",
        "type": "github"
      }
    },
    "comic-code-ligatures-nerd-font": {
      "inputs": {
        "flake-utils": "flake-utils",
        "nixpkgs": [
          "nixpkgs"
        ]
      },
      "locked": {
        "lastModified": 1727691116,
        "narHash": "sha256-ttqnBm90yug4OYsQSkieibpBppEWqqpXDBGM5nrlukU=",
        "owner": "juliuskreutz",
        "repo": "ComicCodeLigaturesNerdFont",
        "rev": "d1b6f24919c4a540844153015d45f74f242c0dfb",
        "type": "github"
      },
      "original": {
        "owner": "juliuskreutz",
        "repo": "ComicCodeLigaturesNerdFont",
        "type": "github"
      }
    },
    "flake-parts": {
      "inputs": {
        "nixpkgs-lib": [
          "nixvim",
          "nixvim",
          "nixpkgs"
        ]
      },
      "locked": {
        "lastModified": 1753121425,
        "narHash": "sha256-TVcTNvOeWWk1DXljFxVRp+E0tzG1LhrVjOGGoMHuXio=",
        "owner": "hercules-ci",
        "repo": "flake-parts",
        "rev": "644e0fc48951a860279da645ba77fe4a6e814c5e",
        "type": "github"
      },
      "original": {
        "owner": "hercules-ci",
        "repo": "flake-parts",
        "type": "github"
      }
    },
    "flake-utils": {
      "inputs": {
        "systems": "systems"
      },
      "locked": {
        "lastModified": 1726560853,
        "narHash": "sha256-X6rJYSESBVr3hBoH0WbKE5KvhPU5bloyZ2L4K60/fPQ=",
        "owner": "numtide",
        "repo": "flake-utils",
        "rev": "c1dfcf08411b08f6b8615f7d8971a2bfa81d5e8a",
        "type": "github"
      },
      "original": {
        "owner": "numtide",
        "repo": "flake-utils",
        "type": "github"
      }
    },
    "flake-utils_2": {
      "inputs": {
        "systems": "systems_2"
      },
      "locked": {
        "lastModified": 1731533236,
        "narHash": "sha256-l0KFg5HjrsfsO/JpG+r7fRrqm12kzFHyUHqHCVpMMbI=",
        "owner": "numtide",
        "repo": "flake-utils",
        "rev": "11707dc2f618dd54ca8739b309ec4fc024de578b",
        "type": "github"
      },
      "original": {
        "owner": "numtide",
        "repo": "flake-utils",
        "type": "github"
      }
    },
    "home-manager": {
      "inputs": {
        "nixpkgs": [
          "nixpkgs"
        ]
      },
      "locked": {
        "lastModified": 1754263839,
        "narHash": "sha256-ck7lILfCNuunsLvExPI4Pw9OOCJksxXwozum24W8b+8=",
        "owner": "nix-community",
        "repo": "home-manager",
        "rev": "1d7abbd5454db97e0af51416f4960b3fb64a4773",
        "type": "github"
      },
      "original": {
        "owner": "nix-community",
        "repo": "home-manager",
        "type": "github"
      }
    },
    "ixx": {
      "inputs": {
        "flake-utils": [
          "nixvim",
          "nixvim",
          "nuschtosSearch",
          "flake-utils"
        ],
        "nixpkgs": [
          "nixvim",
          "nixvim",
          "nuschtosSearch",
          "nixpkgs"
        ]
      },
      "locked": {
        "lastModified": 1748294338,
        "narHash": "sha256-FVO01jdmUNArzBS7NmaktLdGA5qA3lUMJ4B7a05Iynw=",
        "owner": "NuschtOS",
        "repo": "ixx",
        "rev": "cc5f390f7caf265461d4aab37e98d2292ebbdb85",
        "type": "github"
      },
      "original": {
        "owner": "NuschtOS",
        "ref": "v0.0.8",
        "repo": "ixx",
        "type": "github"
      }
    },
    "nixpkgs": {
      "locked": {
        "lastModified": 1753694789,
        "narHash": "sha256-cKgvtz6fKuK1Xr5LQW/zOUiAC0oSQoA9nOISB0pJZqM=",
        "owner": "NixOS",
        "repo": "nixpkgs",
        "rev": "dc9637876d0dcc8c9e5e22986b857632effeb727",
        "type": "github"
      },
      "original": {
        "owner": "NixOS",
        "ref": "nixos-unstable",
        "repo": "nixpkgs",
        "type": "github"
      }
    },
    "nixpkgs_2": {
      "locked": {
        "lastModified": 1754214453,
        "narHash": "sha256-Q/I2xJn/j1wpkGhWkQnm20nShYnG7TI99foDBpXm1SY=",
        "owner": "nixos",
        "repo": "nixpkgs",
        "rev": "5b09dc45f24cf32316283e62aec81ffee3c3e376",
        "type": "github"
      },
      "original": {
        "owner": "nixos",
        "ref": "nixos-unstable",
        "repo": "nixpkgs",
        "type": "github"
      }
    },
    "nixvim": {
      "inputs": {
        "nixpkgs": [
          "nixpkgs"
        ],
        "nixvim": "nixvim_2"
      },
      "locked": {
        "lastModified": 1754329312,
        "narHash": "sha256-nUtXXfXtHeYI/8xmfRhdQb8ZwJEkiqTIhTNtyVV/OkA=",
        "owner": "juliuskreutz",
        "repo": "nixvim",
        "rev": "42e0c90d84fda331499d5b7be9fd88b02ad9e0eb",
        "type": "github"
      },
      "original": {
        "owner": "juliuskreutz",
        "repo": "nixvim",
        "type": "github"
      }
    },
    "nixvim_2": {
      "inputs": {
        "flake-parts": "flake-parts",
        "nixpkgs": [
          "nixvim",
          "nixpkgs"
        ],
        "nuschtosSearch": "nuschtosSearch",
        "systems": "systems_3"
      },
      "locked": {
        "lastModified": 1754264148,
        "narHash": "sha256-i73/RHYnrRj1AW7r42qzEX1CruxAdVLXcn2iuWBQy64=",
        "owner": "nix-community",
        "repo": "nixvim",
        "rev": "0b87d94432f3d2e2154a055f18dcb6531c6c90ab",
        "type": "github"
      },
      "original": {
        "owner": "nix-community",
        "repo": "nixvim",
        "type": "github"
      }
    },
    "nuschtosSearch": {
      "inputs": {
        "flake-utils": "flake-utils_2",
        "ixx": "ixx",
        "nixpkgs": [
          "nixvim",
          "nixvim",
          "nixpkgs"
        ]
      },
      "locked": {
        "lastModified": 1753450833,
        "narHash": "sha256-Pmpke0JtLRzgdlwDC5a+aiLVZ11JPUO5Bcqkj0nHE/k=",
        "owner": "NuschtOS",
        "repo": "search",
        "rev": "40987cc1a24feba378438d691f87c52819f7bd75",
        "type": "github"
      },
      "original": {
        "owner": "NuschtOS",
        "repo": "search",
        "type": "github"
      }
    },
    "root": {
      "inputs": {
        "catppuccin": "catppuccin",
        "comic-code-ligatures-nerd-font": "comic-code-ligatures-nerd-font",
        "home-manager": "home-manager",
        "nixpkgs": "nixpkgs_2",
        "nixvim": "nixvim"
      }
    },
    "systems": {
      "locked": {
        "lastModified": 1681028828,
        "narHash": "sha256-Vy1rq5AaRuLzOxct8nz4T6wlgyUR7zLU309k9mBC768=",
        "owner": "nix-systems",
        "repo": "default",
        "rev": "da67096a3b9bf56a91d16901293e51ba5b49a27e",
        "type": "github"
      },
      "original": {
        "owner": "nix-systems",
        "repo": "default",
        "type": "github"
      }
    },
    "systems_2": {
      "locked": {
        "lastModified": 1681028828,
        "narHash": "sha256-Vy1rq5AaRuLzOxct8nz4T6wlgyUR7zLU309k9mBC768=",
        "owner": "nix-systems",
        "repo": "default",
        "rev": "da67096a3b9bf56a91d16901293e51ba5b49a27e",
        "type": "github"
      },
      "original": {
        "owner": "nix-systems",
        "repo": "default",
        "type": "github"
      }
    },
    "systems_3": {
      "locked": {
        "lastModified": 1681028828,
        "narHash": "sha256-Vy1rq5AaRuLzOxct8nz4T6wlgyUR7zLU309k9mBC768=",
        "owner": "nix-systems",
        "repo": "default",
        "rev": "da67096a3b9bf56a91d16901293e51ba5b49a27e",
        "type": "github"
      },
      "original": {
        "owner": "nix-systems",
        "repo": "default",
        "type": "github"
      }
    }
  },
  "root": "root",
  "version": 7
}
